
Microsoft Visual Studio Solution File, Format Version 12.00
# Visual Studio Version 17
VisualStudioVersion = 17.6.33723.286
MinimumVisualStudioVersion = 10.0.40219.1
Project("{FAE04EC0-301F-11D3-BF4B-00C04F79EFBC}") = "PasswordCyptoSample", "PasswordCyptoSample\PasswordCyptoSample.csproj", "{8D72FDEA-9E2C-45CE-B3D1-39E388B85F9F}"
EndProject
Global
	GlobalSection(SolutionConfigurationPlatforms) = preSolution
		Debug|Any CPU = Debug|Any CPU
		Release|Any CPU = Release|Any CPU
	EndGlobalSection
	GlobalSection(ProjectConfigurationPlatforms) = postSolution
		{8D72FDEA-9E2C-45CE-B3D1-39E388B85F9F}.Debug|Any CPU.ActiveCfg = Debug|Any CPU
		{8D72FDEA-9E2C-45CE-B3D1-39E388B85F9F}.Debug|Any CPU.Build.0 = Debug|Any CPU
		{8D72FDEA-9E2C-45CE-B3D1-39E388B85F9F}.Release|Any CPU.ActiveCfg = Release|Any CPU
		{8D72FDEA-9E2C-45CE-B3D1-39E388B85F9F}.Release|Any CPU.Build.0 = Release|Any CPU
	EndGlobalSection
	GlobalSection(SolutionProperties) = preSolution
		HideSolutionNode = FALSE
	EndGlobalSection
	GlobalSection(ExtensibilityGlobals) = postSolution
		SolutionGuid = {564619E1-3783-4FC1-89BE-42E1C355BBB8}
	EndGlobalSection
EndGlobal
