
Microsoft Visual Studio Solution File, Format Version 12.00
# Visual Studio Version 16
VisualStudioVersion = 16.0.30717.126
MinimumVisualStudioVersion = 10.0.40219.1
Project("{FAE04EC0-301F-11D3-BF4B-00C04F79EFBC}") = "AdaptiveCardPlayground", "AdaptiveCardPlayground\AdaptiveCardPlayground.csproj", "{B37EA45F-8E6E-479D-9271-ABA48A1492B0}"
EndProject
Global
	GlobalSection(SolutionConfigurationPlatforms) = preSolution
		Debug|Any CPU = Debug|Any CPU
		Release|Any CPU = Release|Any CPU
	EndGlobalSection
	GlobalSection(ProjectConfigurationPlatforms) = postSolution
		{B37EA45F-8E6E-479D-9271-ABA48A1492B0}.Debug|Any CPU.ActiveCfg = Debug|Any CPU
		{B37EA45F-8E6E-479D-9271-ABA48A1492B0}.Debug|Any CPU.Build.0 = Debug|Any CPU
		{B37EA45F-8E6E-479D-9271-ABA48A1492B0}.Release|Any CPU.ActiveCfg = Release|Any CPU
		{B37EA45F-8E6E-479D-9271-ABA48A1492B0}.Release|Any CPU.Build.0 = Release|Any CPU
	EndGlobalSection
	GlobalSection(SolutionProperties) = preSolution
		HideSolutionNode = FALSE
	EndGlobalSection
	GlobalSection(ExtensibilityGlobals) = postSolution
		SolutionGuid = {156D22DD-EDC1-470C-8E0E-FD1FDD504C37}
	EndGlobalSection
EndGlobal
