
Microsoft Visual Studio Solution File, Format Version 12.00
# Visual Studio Version 17
VisualStudioVersion = 17.8.34330.188
MinimumVisualStudioVersion = 10.0.40219.1
Project("{9A19103F-16F7-4668-BE54-9A1E7A4F7556}") = "WebApiVersioning", "WebApiVersioning\WebApiVersioning.csproj", "{6761CBB0-C884-4516-9583-11AC2A825411}"
EndProject
Global
	GlobalSection(SolutionConfigurationPlatforms) = preSolution
		Debug|Any CPU = Debug|Any CPU
		Release|Any CPU = Release|Any CPU
	EndGlobalSection
	GlobalSection(ProjectConfigurationPlatforms) = postSolution
		{6761CBB0-C884-4516-9583-11AC2A825411}.Debug|Any CPU.ActiveCfg = Debug|Any CPU
		{6761CBB0-C884-4516-9583-11AC2A825411}.Debug|Any CPU.Build.0 = Debug|Any CPU
		{6761CBB0-C884-4516-9583-11AC2A825411}.Release|Any CPU.ActiveCfg = Release|Any CPU
		{6761CBB0-C884-4516-9583-11AC2A825411}.Release|Any CPU.Build.0 = Release|Any CPU
	EndGlobalSection
	GlobalSection(SolutionProperties) = preSolution
		HideSolutionNode = FALSE
	EndGlobalSection
	GlobalSection(ExtensibilityGlobals) = postSolution
		SolutionGuid = {DF669C3D-495B-44BE-91EE-0CAFF2DA9687}
	EndGlobalSection
EndGlobal
