
Microsoft Visual Studio Solution File, Format Version 12.00
# Visual Studio Version 17
VisualStudioVersion = 17.8.34330.188
MinimumVisualStudioVersion = 10.0.40219.1
Project("{FAE04EC0-301F-11D3-BF4B-00C04F79EFBC}") = "SpectreConsoleCliSample", "SpectreConsoleCliSample\SpectreConsoleCliSample.csproj", "{574EC2E2-B592-4FDD-848A-DFD2839BEE0B}"
EndProject
Global
	GlobalSection(SolutionConfigurationPlatforms) = preSolution
		Debug|Any CPU = Debug|Any CPU
		Release|Any CPU = Release|Any CPU
	EndGlobalSection
	GlobalSection(ProjectConfigurationPlatforms) = postSolution
		{574EC2E2-B592-4FDD-848A-DFD2839BEE0B}.Debug|Any CPU.ActiveCfg = Debug|Any CPU
		{574EC2E2-B592-4FDD-848A-DFD2839BEE0B}.Debug|Any CPU.Build.0 = Debug|Any CPU
		{574EC2E2-B592-4FDD-848A-DFD2839BEE0B}.Release|Any CPU.ActiveCfg = Release|Any CPU
		{574EC2E2-B592-4FDD-848A-DFD2839BEE0B}.Release|Any CPU.Build.0 = Release|Any CPU
	EndGlobalSection
	GlobalSection(SolutionProperties) = preSolution
		HideSolutionNode = FALSE
	EndGlobalSection
	GlobalSection(ExtensibilityGlobals) = postSolution
		SolutionGuid = {3BF16720-8B7E-4F3A-946B-A8F6BD78A2A2}
	EndGlobalSection
EndGlobal
