
Microsoft Visual Studio Solution File, Format Version 12.00
# Visual Studio Version 16
VisualStudioVersion = 16.0.31515.178
MinimumVisualStudioVersion = 10.0.40219.1
Project("{FAE04EC0-301F-11D3-BF4B-00C04F79EFBC}") = "AuditNetSample", "AuditNetSample\AuditNetSample.csproj", "{2133AD62-524F-4F3D-AEA8-62AF566F2761}"
EndProject
Global
	GlobalSection(SolutionConfigurationPlatforms) = preSolution
		Debug|Any CPU = Debug|Any CPU
		Release|Any CPU = Release|Any CPU
	EndGlobalSection
	GlobalSection(ProjectConfigurationPlatforms) = postSolution
		{2133AD62-524F-4F3D-AEA8-62AF566F2761}.Debug|Any CPU.ActiveCfg = Debug|Any CPU
		{2133AD62-524F-4F3D-AEA8-62AF566F2761}.Debug|Any CPU.Build.0 = Debug|Any CPU
		{2133AD62-524F-4F3D-AEA8-62AF566F2761}.Release|Any CPU.ActiveCfg = Release|Any CPU
		{2133AD62-524F-4F3D-AEA8-62AF566F2761}.Release|Any CPU.Build.0 = Release|Any CPU
	EndGlobalSection
	GlobalSection(SolutionProperties) = preSolution
		HideSolutionNode = FALSE
	EndGlobalSection
	GlobalSection(ExtensibilityGlobals) = postSolution
		SolutionGuid = {DC4AF0DF-1118-4C78-AFDE-E0C48F6A19CB}
	EndGlobalSection
EndGlobal
