
Microsoft Visual Studio Solution File, Format Version 12.00
# Visual Studio Version 17
VisualStudioVersion = 17.11.35327.3
MinimumVisualStudioVersion = 10.0.40219.1
Project("{FAE04EC0-301F-11D3-BF4B-00C04F79EFBC}") = "AbpConsoleSample", "AbpConsoleSample\AbpConsoleSample.csproj", "{610D1857-04FE-4DA7-A6EA-3D42F891C5D5}"
EndProject
Global
	GlobalSection(SolutionConfigurationPlatforms) = preSolution
		Debug|Any CPU = Debug|Any CPU
		Release|Any CPU = Release|Any CPU
	EndGlobalSection
	GlobalSection(ProjectConfigurationPlatforms) = postSolution
		{610D1857-04FE-4DA7-A6EA-3D42F891C5D5}.Debug|Any CPU.ActiveCfg = Debug|Any CPU
		{610D1857-04FE-4DA7-A6EA-3D42F891C5D5}.Debug|Any CPU.Build.0 = Debug|Any CPU
		{610D1857-04FE-4DA7-A6EA-3D42F891C5D5}.Release|Any CPU.ActiveCfg = Release|Any CPU
		{610D1857-04FE-4DA7-A6EA-3D42F891C5D5}.Release|Any CPU.Build.0 = Release|Any CPU
	EndGlobalSection
	GlobalSection(SolutionProperties) = preSolution
		HideSolutionNode = FALSE
	EndGlobalSection
	GlobalSection(ExtensibilityGlobals) = postSolution
		SolutionGuid = {1B9C1D21-6751-4D60-A122-B43DB002216D}
	EndGlobalSection
EndGlobal
