
Microsoft Visual Studio Solution File, Format Version 12.00
# Visual Studio Version 16
VisualStudioVersion = 16.0.31515.178
MinimumVisualStudioVersion = 10.0.40219.1
Project("{FAE04EC0-301F-11D3-BF4B-00C04F79EFBC}") = "ElasticApmSample", "ElasticApmSample\ElasticApmSample.csproj", "{ECBF1C7C-F07E-4251-9726-D61E912722BB}"
EndProject
Global
	GlobalSection(SolutionConfigurationPlatforms) = preSolution
		Debug|Any CPU = Debug|Any CPU
		Release|Any CPU = Release|Any CPU
	EndGlobalSection
	GlobalSection(ProjectConfigurationPlatforms) = postSolution
		{ECBF1C7C-F07E-4251-9726-D61E912722BB}.Debug|Any CPU.ActiveCfg = Debug|Any CPU
		{ECBF1C7C-F07E-4251-9726-D61E912722BB}.Debug|Any CPU.Build.0 = Debug|Any CPU
		{ECBF1C7C-F07E-4251-9726-D61E912722BB}.Release|Any CPU.ActiveCfg = Release|Any CPU
		{ECBF1C7C-F07E-4251-9726-D61E912722BB}.Release|Any CPU.Build.0 = Release|Any CPU
	EndGlobalSection
	GlobalSection(SolutionProperties) = preSolution
		HideSolutionNode = FALSE
	EndGlobalSection
	GlobalSection(ExtensibilityGlobals) = postSolution
		SolutionGuid = {50D1DE3A-A62A-4574-AF23-63A6FAB1CC2D}
	EndGlobalSection
EndGlobal
