
Microsoft Visual Studio Solution File, Format Version 12.00
# Visual Studio Version 17
VisualStudioVersion = 17.6.33723.286
MinimumVisualStudioVersion = 10.0.40219.1
Project("{FAE04EC0-301F-11D3-BF4B-00C04F79EFBC}") = "GuidGeneratorSample", "GuidGeneratorSample\GuidGeneratorSample.csproj", "{62E0F4C2-052F-4AB9-AF4A-6AF947FAA4AD}"
EndProject
Global
	GlobalSection(SolutionConfigurationPlatforms) = preSolution
		Debug|Any CPU = Debug|Any CPU
		Release|Any CPU = Release|Any CPU
	EndGlobalSection
	GlobalSection(ProjectConfigurationPlatforms) = postSolution
		{62E0F4C2-052F-4AB9-AF4A-6AF947FAA4AD}.Debug|Any CPU.ActiveCfg = Debug|Any CPU
		{62E0F4C2-052F-4AB9-AF4A-6AF947FAA4AD}.Debug|Any CPU.Build.0 = Debug|Any CPU
		{62E0F4C2-052F-4AB9-AF4A-6AF947FAA4AD}.Release|Any CPU.ActiveCfg = Release|Any CPU
		{62E0F4C2-052F-4AB9-AF4A-6AF947FAA4AD}.Release|Any CPU.Build.0 = Release|Any CPU
	EndGlobalSection
	GlobalSection(SolutionProperties) = preSolution
		HideSolutionNode = FALSE
	EndGlobalSection
	GlobalSection(ExtensibilityGlobals) = postSolution
		SolutionGuid = {9C9D72AE-684D-4D0E-8803-50DC24BE6650}
	EndGlobalSection
EndGlobal
