
Microsoft Visual Studio Solution File, Format Version 12.00
# Visual Studio 15
VisualStudioVersion = 15.0.28307.1082
MinimumVisualStudioVersion = 10.0.40219.1
Project("{FAE04EC0-301F-11D3-BF4B-00C04F79EFBC}") = "XmlConvertSample", "XmlConvertSample\XmlConvertSample.csproj", "{11C026F2-1559-4BB7-9808-8EA527646923}"
EndProject
Global
	GlobalSection(SolutionConfigurationPlatforms) = preSolution
		Debug|Any CPU = Debug|Any CPU
		Release|Any CPU = Release|Any CPU
	EndGlobalSection
	GlobalSection(ProjectConfigurationPlatforms) = postSolution
		{11C026F2-1559-4BB7-9808-8EA527646923}.Debug|Any CPU.ActiveCfg = Debug|Any CPU
		{11C026F2-1559-4BB7-9808-8EA527646923}.Debug|Any CPU.Build.0 = Debug|Any CPU
		{11C026F2-1559-4BB7-9808-8EA527646923}.Release|Any CPU.ActiveCfg = Release|Any CPU
		{11C026F2-1559-4BB7-9808-8EA527646923}.Release|Any CPU.Build.0 = Release|Any CPU
	EndGlobalSection
	GlobalSection(SolutionProperties) = preSolution
		HideSolutionNode = FALSE
	EndGlobalSection
	GlobalSection(ExtensibilityGlobals) = postSolution
		SolutionGuid = {69BCEB7C-5148-45D2-A4CA-B0775DA21433}
	EndGlobalSection
EndGlobal
