
Microsoft Visual Studio Solution File, Format Version 12.00
# Visual Studio 14
VisualStudioVersion = 14.0.25420.1
MinimumVisualStudioVersion = 10.0.40219.1
Project("{FAE04EC0-301F-11D3-BF4B-00C04F79EFBC}") = "ExternalProject", "ExternalProject\ExternalProject.csproj", "{1A5D68C3-2991-42AA-A5A5-857D344255B2}"
EndProject
Project("{FAE04EC0-301F-11D3-BF4B-00C04F79EFBC}") = "AssemblyReflectionSample", "AssemblyReflectionSample\AssemblyReflectionSample.csproj", "{29623B18-20BD-4F71-9F30-9E17149BBD8A}"
EndProject
Project("{FAE04EC0-301F-11D3-BF4B-00C04F79EFBC}") = "ExternalDll", "ExternalDll\ExternalDll.csproj", "{ACFC4871-4A21-4919-BD27-9F7EE09BDCEA}"
EndProject
Project("{FAE04EC0-301F-11D3-BF4B-00C04F79EFBC}") = "BasePlugin", "BasePlugin\BasePlugin.csproj", "{70B30978-86E7-4FB2-9C83-D2B8D939803D}"
EndProject
Global
	GlobalSection(SolutionConfigurationPlatforms) = preSolution
		Debug|Any CPU = Debug|Any CPU
		Release|Any CPU = Release|Any CPU
	EndGlobalSection
	GlobalSection(ProjectConfigurationPlatforms) = postSolution
		{1A5D68C3-2991-42AA-A5A5-857D344255B2}.Debug|Any CPU.ActiveCfg = Debug|Any CPU
		{1A5D68C3-2991-42AA-A5A5-857D344255B2}.Debug|Any CPU.Build.0 = Debug|Any CPU
		{1A5D68C3-2991-42AA-A5A5-857D344255B2}.Release|Any CPU.ActiveCfg = Release|Any CPU
		{1A5D68C3-2991-42AA-A5A5-857D344255B2}.Release|Any CPU.Build.0 = Release|Any CPU
		{29623B18-20BD-4F71-9F30-9E17149BBD8A}.Debug|Any CPU.ActiveCfg = Debug|Any CPU
		{29623B18-20BD-4F71-9F30-9E17149BBD8A}.Debug|Any CPU.Build.0 = Debug|Any CPU
		{29623B18-20BD-4F71-9F30-9E17149BBD8A}.Release|Any CPU.ActiveCfg = Release|Any CPU
		{29623B18-20BD-4F71-9F30-9E17149BBD8A}.Release|Any CPU.Build.0 = Release|Any CPU
		{ACFC4871-4A21-4919-BD27-9F7EE09BDCEA}.Debug|Any CPU.ActiveCfg = Debug|Any CPU
		{ACFC4871-4A21-4919-BD27-9F7EE09BDCEA}.Debug|Any CPU.Build.0 = Debug|Any CPU
		{ACFC4871-4A21-4919-BD27-9F7EE09BDCEA}.Release|Any CPU.ActiveCfg = Release|Any CPU
		{ACFC4871-4A21-4919-BD27-9F7EE09BDCEA}.Release|Any CPU.Build.0 = Release|Any CPU
		{70B30978-86E7-4FB2-9C83-D2B8D939803D}.Debug|Any CPU.ActiveCfg = Debug|Any CPU
		{70B30978-86E7-4FB2-9C83-D2B8D939803D}.Debug|Any CPU.Build.0 = Debug|Any CPU
		{70B30978-86E7-4FB2-9C83-D2B8D939803D}.Release|Any CPU.ActiveCfg = Release|Any CPU
		{70B30978-86E7-4FB2-9C83-D2B8D939803D}.Release|Any CPU.Build.0 = Release|Any CPU
	EndGlobalSection
	GlobalSection(SolutionProperties) = preSolution
		HideSolutionNode = FALSE
	EndGlobalSection
EndGlobal
