
Microsoft Visual Studio Solution File, Format Version 12.00
# Visual Studio Version 16
VisualStudioVersion = 16.0.30717.126
MinimumVisualStudioVersion = 10.0.40219.1
Project("{FAE04EC0-301F-11D3-BF4B-00C04F79EFBC}") = "SqlKataSample", "SqlKataSample\SqlKataSample.csproj", "{41B37FDE-6E3D-4FF7-AF84-2E1BA2F0C160}"
EndProject
Global
	GlobalSection(SolutionConfigurationPlatforms) = preSolution
		Debug|Any CPU = Debug|Any CPU
		Release|Any CPU = Release|Any CPU
	EndGlobalSection
	GlobalSection(ProjectConfigurationPlatforms) = postSolution
		{41B37FDE-6E3D-4FF7-AF84-2E1BA2F0C160}.Debug|Any CPU.ActiveCfg = Debug|Any CPU
		{41B37FDE-6E3D-4FF7-AF84-2E1BA2F0C160}.Debug|Any CPU.Build.0 = Debug|Any CPU
		{41B37FDE-6E3D-4FF7-AF84-2E1BA2F0C160}.Release|Any CPU.ActiveCfg = Release|Any CPU
		{41B37FDE-6E3D-4FF7-AF84-2E1BA2F0C160}.Release|Any CPU.Build.0 = Release|Any CPU
	EndGlobalSection
	GlobalSection(SolutionProperties) = preSolution
		HideSolutionNode = FALSE
	EndGlobalSection
	GlobalSection(ExtensibilityGlobals) = postSolution
		SolutionGuid = {E2ED355D-EA96-4D0A-8FD5-35D152B22E44}
	EndGlobalSection
EndGlobal
