
Microsoft Visual Studio Solution File, Format Version 12.00
# Visual Studio Version 17
VisualStudioVersion = 17.6.33723.286
MinimumVisualStudioVersion = 10.0.40219.1
Project("{FAE04EC0-301F-11D3-BF4B-00C04F79EFBC}") = "JWTSample", "JWTSample\JWTSample.csproj", "{2A0337CF-03CE-437B-8EBF-975323D058D6}"
EndProject
Global
	GlobalSection(SolutionConfigurationPlatforms) = preSolution
		Debug|Any CPU = Debug|Any CPU
		Release|Any CPU = Release|Any CPU
	EndGlobalSection
	GlobalSection(ProjectConfigurationPlatforms) = postSolution
		{2A0337CF-03CE-437B-8EBF-975323D058D6}.Debug|Any CPU.ActiveCfg = Debug|Any CPU
		{2A0337CF-03CE-437B-8EBF-975323D058D6}.Debug|Any CPU.Build.0 = Debug|Any CPU
		{2A0337CF-03CE-437B-8EBF-975323D058D6}.Release|Any CPU.ActiveCfg = Release|Any CPU
		{2A0337CF-03CE-437B-8EBF-975323D058D6}.Release|Any CPU.Build.0 = Release|Any CPU
	EndGlobalSection
	GlobalSection(SolutionProperties) = preSolution
		HideSolutionNode = FALSE
	EndGlobalSection
	GlobalSection(ExtensibilityGlobals) = postSolution
		SolutionGuid = {C3F7C5F2-2862-4176-A1E5-E283020AE0F0}
	EndGlobalSection
EndGlobal
