
Microsoft Visual Studio Solution File, Format Version 12.00
# Visual Studio 15
VisualStudioVersion = 15.0.28307.1082
MinimumVisualStudioVersion = 10.0.40219.1
Project("{FAE04EC0-301F-11D3-BF4B-00C04F79EFBC}") = "CodingsebExpressionEvaluatorSample", "CodingsebExpressionEvaluatorSample\CodingsebExpressionEvaluatorSample.csproj", "{2B16B207-8F9F-435E-91FC-BB91D26BA92A}"
EndProject
Global
	GlobalSection(SolutionConfigurationPlatforms) = preSolution
		Debug|Any CPU = Debug|Any CPU
		Release|Any CPU = Release|Any CPU
	EndGlobalSection
	GlobalSection(ProjectConfigurationPlatforms) = postSolution
		{2B16B207-8F9F-435E-91FC-BB91D26BA92A}.Debug|Any CPU.ActiveCfg = Debug|Any CPU
		{2B16B207-8F9F-435E-91FC-BB91D26BA92A}.Debug|Any CPU.Build.0 = Debug|Any CPU
		{2B16B207-8F9F-435E-91FC-BB91D26BA92A}.Release|Any CPU.ActiveCfg = Release|Any CPU
		{2B16B207-8F9F-435E-91FC-BB91D26BA92A}.Release|Any CPU.Build.0 = Release|Any CPU
	EndGlobalSection
	GlobalSection(SolutionProperties) = preSolution
		HideSolutionNode = FALSE
	EndGlobalSection
	GlobalSection(ExtensibilityGlobals) = postSolution
		SolutionGuid = {E239DAE1-6F9E-4DF1-8A54-75EEDFF57333}
	EndGlobalSection
EndGlobal
