
Microsoft Visual Studio Solution File, Format Version 12.00
# Visual Studio 15
VisualStudioVersion = 15.0.28307.902
MinimumVisualStudioVersion = 10.0.40219.1
Project("{FAE04EC0-301F-11D3-BF4B-00C04F79EFBC}") = "RegexAiService", "RegexAiService\RegexAiService.csproj", "{9CD39739-A36D-41E7-94FE-436336E7DFFD}"
EndProject
Project("{FAE04EC0-301F-11D3-BF4B-00C04F79EFBC}") = "RegexAiServiceSample", "RegexAiServiceSample\RegexAiServiceSample.csproj", "{75297B1D-15D9-4195-BA91-3ED23737FF20}"
EndProject
Global
	GlobalSection(SolutionConfigurationPlatforms) = preSolution
		Debug|Any CPU = Debug|Any CPU
		Release|Any CPU = Release|Any CPU
	EndGlobalSection
	GlobalSection(ProjectConfigurationPlatforms) = postSolution
		{9CD39739-A36D-41E7-94FE-436336E7DFFD}.Debug|Any CPU.ActiveCfg = Debug|Any CPU
		{9CD39739-A36D-41E7-94FE-436336E7DFFD}.Debug|Any CPU.Build.0 = Debug|Any CPU
		{9CD39739-A36D-41E7-94FE-436336E7DFFD}.Release|Any CPU.ActiveCfg = Release|Any CPU
		{9CD39739-A36D-41E7-94FE-436336E7DFFD}.Release|Any CPU.Build.0 = Release|Any CPU
		{75297B1D-15D9-4195-BA91-3ED23737FF20}.Debug|Any CPU.ActiveCfg = Debug|Any CPU
		{75297B1D-15D9-4195-BA91-3ED23737FF20}.Debug|Any CPU.Build.0 = Debug|Any CPU
		{75297B1D-15D9-4195-BA91-3ED23737FF20}.Release|Any CPU.ActiveCfg = Release|Any CPU
		{75297B1D-15D9-4195-BA91-3ED23737FF20}.Release|Any CPU.Build.0 = Release|Any CPU
	EndGlobalSection
	GlobalSection(SolutionProperties) = preSolution
		HideSolutionNode = FALSE
	EndGlobalSection
	GlobalSection(ExtensibilityGlobals) = postSolution
		SolutionGuid = {8EE70048-482D-4F1A-A2F7-AAD29374DE55}
	EndGlobalSection
EndGlobal
