
Microsoft Visual Studio Solution File, Format Version 12.00
# Visual Studio 15
VisualStudioVersion = 15.0.28307.645
MinimumVisualStudioVersion = 10.0.40219.1
Project("{FAE04EC0-301F-11D3-BF4B-00C04F79EFBC}") = "JustNetSample", "JustNetSample\JustNetSample.csproj", "{863E6A26-A526-4CE1-B85A-A424DA7E4DB8}"
EndProject
Global
	GlobalSection(SolutionConfigurationPlatforms) = preSolution
		Debug|Any CPU = Debug|Any CPU
		Release|Any CPU = Release|Any CPU
	EndGlobalSection
	GlobalSection(ProjectConfigurationPlatforms) = postSolution
		{863E6A26-A526-4CE1-B85A-A424DA7E4DB8}.Debug|Any CPU.ActiveCfg = Debug|Any CPU
		{863E6A26-A526-4CE1-B85A-A424DA7E4DB8}.Debug|Any CPU.Build.0 = Debug|Any CPU
		{863E6A26-A526-4CE1-B85A-A424DA7E4DB8}.Release|Any CPU.ActiveCfg = Release|Any CPU
		{863E6A26-A526-4CE1-B85A-A424DA7E4DB8}.Release|Any CPU.Build.0 = Release|Any CPU
	EndGlobalSection
	GlobalSection(SolutionProperties) = preSolution
		HideSolutionNode = FALSE
	EndGlobalSection
	GlobalSection(ExtensibilityGlobals) = postSolution
		SolutionGuid = {11368CE6-C560-4E7A-84FC-6724EB2CE862}
	EndGlobalSection
EndGlobal
