
Microsoft Visual Studio Solution File, Format Version 12.00
# Visual Studio Version 17
VisualStudioVersion = 17.4.33213.308
MinimumVisualStudioVersion = 10.0.40219.1
Project("{FAE04EC0-301F-11D3-BF4B-00C04F79EFBC}") = "YamlParserSample", "YamlParserSample\YamlParserSample.csproj", "{A80AC42A-9EA6-4FAD-B88E-B9B4FD348350}"
EndProject
Global
	GlobalSection(SolutionConfigurationPlatforms) = preSolution
		Debug|Any CPU = Debug|Any CPU
		Release|Any CPU = Release|Any CPU
	EndGlobalSection
	GlobalSection(ProjectConfigurationPlatforms) = postSolution
		{A80AC42A-9EA6-4FAD-B88E-B9B4FD348350}.Debug|Any CPU.ActiveCfg = Debug|Any CPU
		{A80AC42A-9EA6-4FAD-B88E-B9B4FD348350}.Debug|Any CPU.Build.0 = Debug|Any CPU
		{A80AC42A-9EA6-4FAD-B88E-B9B4FD348350}.Release|Any CPU.ActiveCfg = Release|Any CPU
		{A80AC42A-9EA6-4FAD-B88E-B9B4FD348350}.Release|Any CPU.Build.0 = Release|Any CPU
	EndGlobalSection
	GlobalSection(SolutionProperties) = preSolution
		HideSolutionNode = FALSE
	EndGlobalSection
	GlobalSection(ExtensibilityGlobals) = postSolution
		SolutionGuid = {3A6E5CFD-72F1-4519-8D08-56FD85C9222F}
	EndGlobalSection
EndGlobal
