
Microsoft Visual Studio Solution File, Format Version 12.00
# Visual Studio Version 17
VisualStudioVersion = 17.6.33723.286
MinimumVisualStudioVersion = 10.0.40219.1
Project("{FAE04EC0-301F-11D3-BF4B-00C04F79EFBC}") = "CronExpressionSample", "CronExpressionSample\CronExpressionSample.csproj", "{0C29E3F7-C3EC-4751-8050-344885AB68CA}"
EndProject
Global
	GlobalSection(SolutionConfigurationPlatforms) = preSolution
		Debug|Any CPU = Debug|Any CPU
		Release|Any CPU = Release|Any CPU
	EndGlobalSection
	GlobalSection(ProjectConfigurationPlatforms) = postSolution
		{0C29E3F7-C3EC-4751-8050-344885AB68CA}.Debug|Any CPU.ActiveCfg = Debug|Any CPU
		{0C29E3F7-C3EC-4751-8050-344885AB68CA}.Debug|Any CPU.Build.0 = Debug|Any CPU
		{0C29E3F7-C3EC-4751-8050-344885AB68CA}.Release|Any CPU.ActiveCfg = Release|Any CPU
		{0C29E3F7-C3EC-4751-8050-344885AB68CA}.Release|Any CPU.Build.0 = Release|Any CPU
	EndGlobalSection
	GlobalSection(SolutionProperties) = preSolution
		HideSolutionNode = FALSE
	EndGlobalSection
	GlobalSection(ExtensibilityGlobals) = postSolution
		SolutionGuid = {30385B4A-B17C-4B00-A162-9563EE3662D1}
	EndGlobalSection
EndGlobal
