
Microsoft Visual Studio Solution File, Format Version 12.00
# Visual Studio 15
VisualStudioVersion = 15.0.28307.902
MinimumVisualStudioVersion = 10.0.40219.1
Project("{9A19103F-16F7-4668-BE54-9A1E7A4F7556}") = "ConfigurationSample", "ConfigurationSample\ConfigurationSample.csproj", "{DA93B9A0-E7E9-4B06-B655-A2C0557B0ABA}"
EndProject
Project("{9A19103F-16F7-4668-BE54-9A1E7A4F7556}") = "ConnectionStringTool", "..\ConnectionStringTool\ConnectionStringTool.csproj", "{AC988391-3257-4D36-8CDD-1B570F816B4F}"
EndProject
Global
	GlobalSection(SolutionConfigurationPlatforms) = preSolution
		Debug|Any CPU = Debug|Any CPU
		Release|Any CPU = Release|Any CPU
	EndGlobalSection
	GlobalSection(ProjectConfigurationPlatforms) = postSolution
		{DA93B9A0-E7E9-4B06-B655-A2C0557B0ABA}.Debug|Any CPU.ActiveCfg = Debug|Any CPU
		{DA93B9A0-E7E9-4B06-B655-A2C0557B0ABA}.Debug|Any CPU.Build.0 = Debug|Any CPU
		{DA93B9A0-E7E9-4B06-B655-A2C0557B0ABA}.Release|Any CPU.ActiveCfg = Release|Any CPU
		{DA93B9A0-E7E9-4B06-B655-A2C0557B0ABA}.Release|Any CPU.Build.0 = Release|Any CPU
		{AC988391-3257-4D36-8CDD-1B570F816B4F}.Debug|Any CPU.ActiveCfg = Debug|Any CPU
		{AC988391-3257-4D36-8CDD-1B570F816B4F}.Debug|Any CPU.Build.0 = Debug|Any CPU
		{AC988391-3257-4D36-8CDD-1B570F816B4F}.Release|Any CPU.ActiveCfg = Release|Any CPU
		{AC988391-3257-4D36-8CDD-1B570F816B4F}.Release|Any CPU.Build.0 = Release|Any CPU
	EndGlobalSection
	GlobalSection(SolutionProperties) = preSolution
		HideSolutionNode = FALSE
	EndGlobalSection
	GlobalSection(ExtensibilityGlobals) = postSolution
		SolutionGuid = {8C9B07E9-AEC0-4B5B-A356-B02837E38E25}
	EndGlobalSection
EndGlobal
