
Microsoft Visual Studio Solution File, Format Version 12.00
# Visual Studio Version 17
VisualStudioVersion = 17.0.31903.59
MinimumVisualStudioVersion = 10.0.40219.1
Project("{2150E333-8FDC-42A3-9474-1A3956D46DE8}") = "src", "src", "{BE869721-D158-48B6-AAE2-744750E4D4B2}"
EndProject
Project("{FAE04EC0-301F-11D3-BF4B-00C04F79EFBC}") = "MediatorPatternSample", "src\MediatorPatternSample\MediatorPatternSample.csproj", "{94EDF926-CAED-45EB-B75C-4B57C6FB18F9}"
EndProject
Global
	GlobalSection(SolutionConfigurationPlatforms) = preSolution
		Debug|Any CPU = Debug|Any CPU
		Release|Any CPU = Release|Any CPU
	EndGlobalSection
	GlobalSection(ProjectConfigurationPlatforms) = postSolution
		{94EDF926-CAED-45EB-B75C-4B57C6FB18F9}.Debug|Any CPU.ActiveCfg = Debug|Any CPU
		{94EDF926-CAED-45EB-B75C-4B57C6FB18F9}.Debug|Any CPU.Build.0 = Debug|Any CPU
		{94EDF926-CAED-45EB-B75C-4B57C6FB18F9}.Release|Any CPU.ActiveCfg = Release|Any CPU
		{94EDF926-CAED-45EB-B75C-4B57C6FB18F9}.Release|Any CPU.Build.0 = Release|Any CPU
	EndGlobalSection
	GlobalSection(SolutionProperties) = preSolution
		HideSolutionNode = FALSE
	EndGlobalSection
	GlobalSection(NestedProjects) = preSolution
		{94EDF926-CAED-45EB-B75C-4B57C6FB18F9} = {BE869721-D158-48B6-AAE2-744750E4D4B2}
	EndGlobalSection
EndGlobal
