
Microsoft Visual Studio Solution File, Format Version 12.00
# Visual Studio Version 17
VisualStudioVersion = 17.4.33213.308
MinimumVisualStudioVersion = 10.0.40219.1
Project("{FAE04EC0-301F-11D3-BF4B-00C04F79EFBC}") = "AutoMapperSample", "AutoMapperSample\AutoMapperSample.csproj", "{5E53642D-2E6F-4252-A782-08ECC5789BDD}"
EndProject
Global
	GlobalSection(SolutionConfigurationPlatforms) = preSolution
		Debug|Any CPU = Debug|Any CPU
		Release|Any CPU = Release|Any CPU
	EndGlobalSection
	GlobalSection(ProjectConfigurationPlatforms) = postSolution
		{5E53642D-2E6F-4252-A782-08ECC5789BDD}.Debug|Any CPU.ActiveCfg = Debug|Any CPU
		{5E53642D-2E6F-4252-A782-08ECC5789BDD}.Debug|Any CPU.Build.0 = Debug|Any CPU
		{5E53642D-2E6F-4252-A782-08ECC5789BDD}.Release|Any CPU.ActiveCfg = Release|Any CPU
		{5E53642D-2E6F-4252-A782-08ECC5789BDD}.Release|Any CPU.Build.0 = Release|Any CPU
	EndGlobalSection
	GlobalSection(SolutionProperties) = preSolution
		HideSolutionNode = FALSE
	EndGlobalSection
	GlobalSection(ExtensibilityGlobals) = postSolution
		SolutionGuid = {32A63656-10A9-4AE1-854B-08493E1018FF}
	EndGlobalSection
EndGlobal
