
Microsoft Visual Studio Solution File, Format Version 12.00
# Visual Studio Version 16
VisualStudioVersion = 16.0.30717.126
MinimumVisualStudioVersion = 10.0.40219.1
Project("{FAE04EC0-301F-11D3-BF4B-00C04F79EFBC}") = "CronExpressionSample", "CronExpressionSample\CronExpressionSample.csproj", "{24CA23F7-16EF-4B70-B6A6-7328163C65C5}"
EndProject
Global
	GlobalSection(SolutionConfigurationPlatforms) = preSolution
		Debug|Any CPU = Debug|Any CPU
		Release|Any CPU = Release|Any CPU
	EndGlobalSection
	GlobalSection(ProjectConfigurationPlatforms) = postSolution
		{24CA23F7-16EF-4B70-B6A6-7328163C65C5}.Debug|Any CPU.ActiveCfg = Debug|Any CPU
		{24CA23F7-16EF-4B70-B6A6-7328163C65C5}.Debug|Any CPU.Build.0 = Debug|Any CPU
		{24CA23F7-16EF-4B70-B6A6-7328163C65C5}.Release|Any CPU.ActiveCfg = Release|Any CPU
		{24CA23F7-16EF-4B70-B6A6-7328163C65C5}.Release|Any CPU.Build.0 = Release|Any CPU
	EndGlobalSection
	GlobalSection(SolutionProperties) = preSolution
		HideSolutionNode = FALSE
	EndGlobalSection
	GlobalSection(ExtensibilityGlobals) = postSolution
		SolutionGuid = {E9B21535-042F-4D17-9B92-BE4B37065F2C}
	EndGlobalSection
EndGlobal
