
Microsoft Visual Studio Solution File, Format Version 12.00
# Visual Studio Version 17
VisualStudioVersion = 17.6.33723.286
MinimumVisualStudioVersion = 10.0.40219.1
Project("{9A19103F-16F7-4668-BE54-9A1E7A4F7556}") = "SmtpClientSample", "SmtpClientSample\SmtpClientSample.csproj", "{B09B2788-5AC7-459B-A75B-A2B47128AB5C}"
EndProject
Project("{9A19103F-16F7-4668-BE54-9A1E7A4F7556}") = "MailKitSample", "MailKitSample\MailKitSample.csproj", "{ACAE1534-04CA-4060-8026-60D5F5CE8BDD}"
EndProject
Project("{FAE04EC0-301F-11D3-BF4B-00C04F79EFBC}") = "EmailConfigurations", "EmailConfigurations\EmailConfigurations.csproj", "{1CB09416-E03A-442A-9B5A-F46FC04A9841}"
EndProject
Global
	GlobalSection(SolutionConfigurationPlatforms) = preSolution
		Debug|Any CPU = Debug|Any CPU
		Release|Any CPU = Release|Any CPU
	EndGlobalSection
	GlobalSection(ProjectConfigurationPlatforms) = postSolution
		{B09B2788-5AC7-459B-A75B-A2B47128AB5C}.Debug|Any CPU.ActiveCfg = Debug|Any CPU
		{B09B2788-5AC7-459B-A75B-A2B47128AB5C}.Debug|Any CPU.Build.0 = Debug|Any CPU
		{B09B2788-5AC7-459B-A75B-A2B47128AB5C}.Release|Any CPU.ActiveCfg = Release|Any CPU
		{B09B2788-5AC7-459B-A75B-A2B47128AB5C}.Release|Any CPU.Build.0 = Release|Any CPU
		{ACAE1534-04CA-4060-8026-60D5F5CE8BDD}.Debug|Any CPU.ActiveCfg = Debug|Any CPU
		{ACAE1534-04CA-4060-8026-60D5F5CE8BDD}.Debug|Any CPU.Build.0 = Debug|Any CPU
		{ACAE1534-04CA-4060-8026-60D5F5CE8BDD}.Release|Any CPU.ActiveCfg = Release|Any CPU
		{ACAE1534-04CA-4060-8026-60D5F5CE8BDD}.Release|Any CPU.Build.0 = Release|Any CPU
		{1CB09416-E03A-442A-9B5A-F46FC04A9841}.Debug|Any CPU.ActiveCfg = Debug|Any CPU
		{1CB09416-E03A-442A-9B5A-F46FC04A9841}.Debug|Any CPU.Build.0 = Debug|Any CPU
		{1CB09416-E03A-442A-9B5A-F46FC04A9841}.Release|Any CPU.ActiveCfg = Release|Any CPU
		{1CB09416-E03A-442A-9B5A-F46FC04A9841}.Release|Any CPU.Build.0 = Release|Any CPU
	EndGlobalSection
	GlobalSection(SolutionProperties) = preSolution
		HideSolutionNode = FALSE
	EndGlobalSection
	GlobalSection(ExtensibilityGlobals) = postSolution
		SolutionGuid = {941280EA-FCF3-4DE2-BFBB-46FA6912AEDF}
	EndGlobalSection
EndGlobal
