
Microsoft Visual Studio Solution File, Format Version 12.00
# Visual Studio Version 17
VisualStudioVersion = 17.8.34330.188
MinimumVisualStudioVersion = 10.0.40219.1
Project("{FAE04EC0-301F-11D3-BF4B-00C04F79EFBC}") = "PasswordCrypto", "PasswordCrypto\PasswordCrypto.csproj", "{BD88CD3D-C947-4FE4-AF65-1CC3511D1D58}"
EndProject
Global
	GlobalSection(SolutionConfigurationPlatforms) = preSolution
		Debug|Any CPU = Debug|Any CPU
		Release|Any CPU = Release|Any CPU
	EndGlobalSection
	GlobalSection(ProjectConfigurationPlatforms) = postSolution
		{BD88CD3D-C947-4FE4-AF65-1CC3511D1D58}.Debug|Any CPU.ActiveCfg = Debug|Any CPU
		{BD88CD3D-C947-4FE4-AF65-1CC3511D1D58}.Debug|Any CPU.Build.0 = Debug|Any CPU
		{BD88CD3D-C947-4FE4-AF65-1CC3511D1D58}.Release|Any CPU.ActiveCfg = Release|Any CPU
		{BD88CD3D-C947-4FE4-AF65-1CC3511D1D58}.Release|Any CPU.Build.0 = Release|Any CPU
	EndGlobalSection
	GlobalSection(SolutionProperties) = preSolution
		HideSolutionNode = FALSE
	EndGlobalSection
	GlobalSection(ExtensibilityGlobals) = postSolution
		SolutionGuid = {F55E6718-7E11-4BC6-AD44-9E31918C138D}
	EndGlobalSection
EndGlobal
