
Microsoft Visual Studio Solution File, Format Version 12.00
# Visual Studio Version 17
VisualStudioVersion = 17.0.31903.59
MinimumVisualStudioVersion = 10.0.40219.1
Project("{2150E333-8FDC-42A3-9474-1A3956D46DE8}") = "src", "src", "{383D90D6-1215-4859-B068-432875E8B081}"
EndProject
Project("{2150E333-8FDC-42A3-9474-1A3956D46DE8}") = "test", "test", "{AE520851-0EBE-4C8F-AECD-E5C55BBCAA2F}"
EndProject
Project("{2150E333-8FDC-42A3-9474-1A3956D46DE8}") = "Application", "Application", "{C8913A5E-17BB-4DBA-B500-EE1ABD43F4F0}"
EndProject
Project("{2150E333-8FDC-42A3-9474-1A3956D46DE8}") = "Domain", "Domain", "{FE3336D9-25C4-4568-B02C-21456AB33AB8}"
EndProject
Project("{2150E333-8FDC-42A3-9474-1A3956D46DE8}") = "Infrastructure", "Infrastructure", "{1D121AE4-B861-49BB-A95F-FFAD3EC312FF}"
EndProject
Project("{9A19103F-16F7-4668-BE54-9A1E7A4F7556}") = "AbpWebApiSample.Web", "src\Host\AbpWebApiSample.Web\AbpWebApiSample.Web.csproj", "{255DBE8E-5B2A-4364-AF65-426D0988BCBA}"
EndProject
Project("{9A19103F-16F7-4668-BE54-9A1E7A4F7556}") = "AbpWebApiSample.Application", "src\Application\AbpWebApiSample.Application\AbpWebApiSample.Application.csproj", "{DD0F2555-8B6B-4C23-A0E8-AA1E61EE34A3}"
EndProject
Project("{9A19103F-16F7-4668-BE54-9A1E7A4F7556}") = "AbpWebApiSample.Application.Contracts", "src\Application\AbpWebApiSample.Application.Contracts\AbpWebApiSample.Application.Contracts.csproj", "{5410E1C8-5143-4A70-8163-06FC890AE0DC}"
EndProject
Project("{9A19103F-16F7-4668-BE54-9A1E7A4F7556}") = "AbpWebApiSample.Domain", "src\Domain\AbpWebApiSample.Domain\AbpWebApiSample.Domain.csproj", "{3A1C2A15-0DC5-437A-A467-2B6D82BCBEF5}"
EndProject
Project("{9A19103F-16F7-4668-BE54-9A1E7A4F7556}") = "AbpWebApiSample.Domain.Shared", "src\Domain\AbpWebApiSample.Domain.Shared\AbpWebApiSample.Domain.Shared.csproj", "{8622BC66-55A1-4BEE-A3A9-5BA594A7B62E}"
EndProject
Project("{9A19103F-16F7-4668-BE54-9A1E7A4F7556}") = "AbpWebApiSample.EntityFrameworkCore", "src\Infrastructure\AbpWebApiSample.EntityFrameworkCore\AbpWebApiSample.EntityFrameworkCore.csproj", "{55A8AFDB-A6EE-4F71-B6D4-E9D040454F53}"
EndProject
Project("{9A19103F-16F7-4668-BE54-9A1E7A4F7556}") = "AbpWebApiSample.DbMigrator", "src\Host\AbpWebApiSample.DbMigrator\AbpWebApiSample.DbMigrator.csproj", "{A7131947-B2C9-4305-AFFA-0CEE1476B34F}"
EndProject
Project("{9A19103F-16F7-4668-BE54-9A1E7A4F7556}") = "AbpWebApiSample.TestBase", "test\AbpWebApiSample.TestBase\AbpWebApiSample.TestBase.csproj", "{DE98A2D3-EF8E-4A88-893C-8E997A36090B}"
EndProject
Global
	GlobalSection(SolutionConfigurationPlatforms) = preSolution
		Debug|Any CPU = Debug|Any CPU
		Release|Any CPU = Release|Any CPU
	EndGlobalSection
	GlobalSection(ProjectConfigurationPlatforms) = postSolution
		{255DBE8E-5B2A-4364-AF65-426D0988BCBA}.Debug|Any CPU.ActiveCfg = Debug|Any CPU
		{255DBE8E-5B2A-4364-AF65-426D0988BCBA}.Debug|Any CPU.Build.0 = Debug|Any CPU
		{255DBE8E-5B2A-4364-AF65-426D0988BCBA}.Release|Any CPU.ActiveCfg = Release|Any CPU
		{255DBE8E-5B2A-4364-AF65-426D0988BCBA}.Release|Any CPU.Build.0 = Release|Any CPU
		{DD0F2555-8B6B-4C23-A0E8-AA1E61EE34A3}.Debug|Any CPU.ActiveCfg = Debug|Any CPU
		{DD0F2555-8B6B-4C23-A0E8-AA1E61EE34A3}.Debug|Any CPU.Build.0 = Debug|Any CPU
		{DD0F2555-8B6B-4C23-A0E8-AA1E61EE34A3}.Release|Any CPU.ActiveCfg = Release|Any CPU
		{DD0F2555-8B6B-4C23-A0E8-AA1E61EE34A3}.Release|Any CPU.Build.0 = Release|Any CPU
		{5410E1C8-5143-4A70-8163-06FC890AE0DC}.Debug|Any CPU.ActiveCfg = Debug|Any CPU
		{5410E1C8-5143-4A70-8163-06FC890AE0DC}.Debug|Any CPU.Build.0 = Debug|Any CPU
		{5410E1C8-5143-4A70-8163-06FC890AE0DC}.Release|Any CPU.ActiveCfg = Release|Any CPU
		{5410E1C8-5143-4A70-8163-06FC890AE0DC}.Release|Any CPU.Build.0 = Release|Any CPU
		{3A1C2A15-0DC5-437A-A467-2B6D82BCBEF5}.Debug|Any CPU.ActiveCfg = Debug|Any CPU
		{3A1C2A15-0DC5-437A-A467-2B6D82BCBEF5}.Debug|Any CPU.Build.0 = Debug|Any CPU
		{3A1C2A15-0DC5-437A-A467-2B6D82BCBEF5}.Release|Any CPU.ActiveCfg = Release|Any CPU
		{3A1C2A15-0DC5-437A-A467-2B6D82BCBEF5}.Release|Any CPU.Build.0 = Release|Any CPU
		{8622BC66-55A1-4BEE-A3A9-5BA594A7B62E}.Debug|Any CPU.ActiveCfg = Debug|Any CPU
		{8622BC66-55A1-4BEE-A3A9-5BA594A7B62E}.Debug|Any CPU.Build.0 = Debug|Any CPU
		{8622BC66-55A1-4BEE-A3A9-5BA594A7B62E}.Release|Any CPU.ActiveCfg = Release|Any CPU
		{8622BC66-55A1-4BEE-A3A9-5BA594A7B62E}.Release|Any CPU.Build.0 = Release|Any CPU
		{55A8AFDB-A6EE-4F71-B6D4-E9D040454F53}.Debug|Any CPU.ActiveCfg = Debug|Any CPU
		{55A8AFDB-A6EE-4F71-B6D4-E9D040454F53}.Debug|Any CPU.Build.0 = Debug|Any CPU
		{55A8AFDB-A6EE-4F71-B6D4-E9D040454F53}.Release|Any CPU.ActiveCfg = Release|Any CPU
		{55A8AFDB-A6EE-4F71-B6D4-E9D040454F53}.Release|Any CPU.Build.0 = Release|Any CPU
		{A7131947-B2C9-4305-AFFA-0CEE1476B34F}.Debug|Any CPU.ActiveCfg = Debug|Any CPU
		{A7131947-B2C9-4305-AFFA-0CEE1476B34F}.Debug|Any CPU.Build.0 = Debug|Any CPU
		{A7131947-B2C9-4305-AFFA-0CEE1476B34F}.Release|Any CPU.ActiveCfg = Release|Any CPU
		{A7131947-B2C9-4305-AFFA-0CEE1476B34F}.Release|Any CPU.Build.0 = Release|Any CPU
		{DE98A2D3-EF8E-4A88-893C-8E997A36090B}.Debug|Any CPU.ActiveCfg = Debug|Any CPU
		{DE98A2D3-EF8E-4A88-893C-8E997A36090B}.Debug|Any CPU.Build.0 = Debug|Any CPU
		{DE98A2D3-EF8E-4A88-893C-8E997A36090B}.Release|Any CPU.ActiveCfg = Release|Any CPU
		{DE98A2D3-EF8E-4A88-893C-8E997A36090B}.Release|Any CPU.Build.0 = Release|Any CPU
	EndGlobalSection
	GlobalSection(SolutionProperties) = preSolution
		HideSolutionNode = FALSE
	EndGlobalSection
	GlobalSection(NestedProjects) = preSolution
		{C8913A5E-17BB-4DBA-B500-EE1ABD43F4F0} = {383D90D6-1215-4859-B068-432875E8B081}
		{FE3336D9-25C4-4568-B02C-21456AB33AB8} = {383D90D6-1215-4859-B068-432875E8B081}
		{1D121AE4-B861-49BB-A95F-FFAD3EC312FF} = {383D90D6-1215-4859-B068-432875E8B081}
		{255DBE8E-5B2A-4364-AF65-426D0988BCBA} = {383D90D6-1215-4859-B068-432875E8B081}
		{DD0F2555-8B6B-4C23-A0E8-AA1E61EE34A3} = {C8913A5E-17BB-4DBA-B500-EE1ABD43F4F0}
		{5410E1C8-5143-4A70-8163-06FC890AE0DC} = {C8913A5E-17BB-4DBA-B500-EE1ABD43F4F0}
		{3A1C2A15-0DC5-437A-A467-2B6D82BCBEF5} = {FE3336D9-25C4-4568-B02C-21456AB33AB8}
		{8622BC66-55A1-4BEE-A3A9-5BA594A7B62E} = {FE3336D9-25C4-4568-B02C-21456AB33AB8}
		{55A8AFDB-A6EE-4F71-B6D4-E9D040454F53} = {1D121AE4-B861-49BB-A95F-FFAD3EC312FF}
		{A7131947-B2C9-4305-AFFA-0CEE1476B34F} = {383D90D6-1215-4859-B068-432875E8B081}
		{DE98A2D3-EF8E-4A88-893C-8E997A36090B} = {AE520851-0EBE-4C8F-AECD-E5C55BBCAA2F}
	EndGlobalSection
	GlobalSection(ExtensibilityGlobals) = postSolution
		SolutionGuid = {3E17D529-B0B0-49F9-A5C8-0AF9BBA5D27D}
	EndGlobalSection
EndGlobal
