
Microsoft Visual Studio Solution File, Format Version 12.00
# Visual Studio Version 16
VisualStudioVersion = 16.0.31515.178
MinimumVisualStudioVersion = 10.0.40219.1
Project("{9A19103F-16F7-4668-BE54-9A1E7A4F7556}") = "DataTableSample", "DataTableSample\DataTableSample.csproj", "{AE610AEB-2D45-4C9F-9125-FBBA032435E0}"
EndProject
Project("{FAE04EC0-301F-11D3-BF4B-00C04F79EFBC}") = "DataTableUtils", "DataTableUtils\DataTableUtils.csproj", "{43E214D1-06A7-42E5-BAA1-B4905D3FD151}"
EndProject
Global
	GlobalSection(SolutionConfigurationPlatforms) = preSolution
		Debug|Any CPU = Debug|Any CPU
		Release|Any CPU = Release|Any CPU
	EndGlobalSection
	GlobalSection(ProjectConfigurationPlatforms) = postSolution
		{AE610AEB-2D45-4C9F-9125-FBBA032435E0}.Debug|Any CPU.ActiveCfg = Debug|Any CPU
		{AE610AEB-2D45-4C9F-9125-FBBA032435E0}.Debug|Any CPU.Build.0 = Debug|Any CPU
		{AE610AEB-2D45-4C9F-9125-FBBA032435E0}.Release|Any CPU.ActiveCfg = Release|Any CPU
		{AE610AEB-2D45-4C9F-9125-FBBA032435E0}.Release|Any CPU.Build.0 = Release|Any CPU
		{43E214D1-06A7-42E5-BAA1-B4905D3FD151}.Debug|Any CPU.ActiveCfg = Debug|Any CPU
		{43E214D1-06A7-42E5-BAA1-B4905D3FD151}.Debug|Any CPU.Build.0 = Debug|Any CPU
		{43E214D1-06A7-42E5-BAA1-B4905D3FD151}.Release|Any CPU.ActiveCfg = Release|Any CPU
		{43E214D1-06A7-42E5-BAA1-B4905D3FD151}.Release|Any CPU.Build.0 = Release|Any CPU
	EndGlobalSection
	GlobalSection(SolutionProperties) = preSolution
		HideSolutionNode = FALSE
	EndGlobalSection
	GlobalSection(ExtensibilityGlobals) = postSolution
		SolutionGuid = {18586653-5097-4B47-8AF4-681BC83183CC}
	EndGlobalSection
EndGlobal
