
Microsoft Visual Studio Solution File, Format Version 12.00
# Visual Studio Version 17
VisualStudioVersion = 17.9.34728.123
MinimumVisualStudioVersion = 10.0.40219.1
Project("{FAE04EC0-301F-11D3-BF4B-00C04F79EFBC}") = "EfCoreSample", "EfCoreSample\EfCoreSample.csproj", "{B31E6344-F0A1-4FC9-8D0E-BF98421442A6}"
EndProject
Project("{FAE04EC0-301F-11D3-BF4B-00C04F79EFBC}") = "EfCoreSampleTest", "EfCoreSampleTest\EfCoreSampleTest.csproj", "{3E6F835B-37D0-4872-B4CD-CC577D5A2600}"
EndProject
Global
	GlobalSection(SolutionConfigurationPlatforms) = preSolution
		Debug|Any CPU = Debug|Any CPU
		Release|Any CPU = Release|Any CPU
	EndGlobalSection
	GlobalSection(ProjectConfigurationPlatforms) = postSolution
		{B31E6344-F0A1-4FC9-8D0E-BF98421442A6}.Debug|Any CPU.ActiveCfg = Debug|Any CPU
		{B31E6344-F0A1-4FC9-8D0E-BF98421442A6}.Debug|Any CPU.Build.0 = Debug|Any CPU
		{B31E6344-F0A1-4FC9-8D0E-BF98421442A6}.Release|Any CPU.ActiveCfg = Release|Any CPU
		{B31E6344-F0A1-4FC9-8D0E-BF98421442A6}.Release|Any CPU.Build.0 = Release|Any CPU
		{3E6F835B-37D0-4872-B4CD-CC577D5A2600}.Debug|Any CPU.ActiveCfg = Debug|Any CPU
		{3E6F835B-37D0-4872-B4CD-CC577D5A2600}.Debug|Any CPU.Build.0 = Debug|Any CPU
		{3E6F835B-37D0-4872-B4CD-CC577D5A2600}.Release|Any CPU.ActiveCfg = Release|Any CPU
		{3E6F835B-37D0-4872-B4CD-CC577D5A2600}.Release|Any CPU.Build.0 = Release|Any CPU
	EndGlobalSection
	GlobalSection(SolutionProperties) = preSolution
		HideSolutionNode = FALSE
	EndGlobalSection
	GlobalSection(ExtensibilityGlobals) = postSolution
		SolutionGuid = {78D63370-92EF-4347-B638-2949590EB57A}
	EndGlobalSection
EndGlobal
