
Microsoft Visual Studio Solution File, Format Version 12.00
# Visual Studio Version 17
VisualStudioVersion = 17.0.31903.59
MinimumVisualStudioVersion = 10.0.40219.1
Project("{9A19103F-16F7-4668-BE54-9A1E7A4F7556}") = "RefitWebApiCore", "RefitWebApiCore\RefitWebApiCore.csproj", "{661F094E-1805-403A-8457-23E3DF55B69D}"
EndProject
Project("{9A19103F-16F7-4668-BE54-9A1E7A4F7556}") = "RefitWebApiServer", "RefitWebApiServer\RefitWebApiServer.csproj", "{1996B511-C612-4BA3-84E4-6AB8153CAA13}"
EndProject
Project("{9A19103F-16F7-4668-BE54-9A1E7A4F7556}") = "RefitWebApiClient", "RefitWebApiClient\RefitWebApiClient.csproj", "{512FA73D-7FAE-4F80-8E55-D880780BED59}"
EndProject
Project("{9A19103F-16F7-4668-BE54-9A1E7A4F7556}") = "RefitWebApiTest", "RefitWebApiTest\RefitWebApiTest.csproj", "{6FEF6223-FEA1-4B92-93E6-9FC5B46139B4}"
EndProject
Global
	GlobalSection(SolutionConfigurationPlatforms) = preSolution
		Debug|Any CPU = Debug|Any CPU
		Release|Any CPU = Release|Any CPU
	EndGlobalSection
	GlobalSection(ProjectConfigurationPlatforms) = postSolution
		{661F094E-1805-403A-8457-23E3DF55B69D}.Debug|Any CPU.ActiveCfg = Debug|Any CPU
		{661F094E-1805-403A-8457-23E3DF55B69D}.Debug|Any CPU.Build.0 = Debug|Any CPU
		{661F094E-1805-403A-8457-23E3DF55B69D}.Release|Any CPU.ActiveCfg = Release|Any CPU
		{661F094E-1805-403A-8457-23E3DF55B69D}.Release|Any CPU.Build.0 = Release|Any CPU
		{1996B511-C612-4BA3-84E4-6AB8153CAA13}.Debug|Any CPU.ActiveCfg = Debug|Any CPU
		{1996B511-C612-4BA3-84E4-6AB8153CAA13}.Debug|Any CPU.Build.0 = Debug|Any CPU
		{1996B511-C612-4BA3-84E4-6AB8153CAA13}.Release|Any CPU.ActiveCfg = Release|Any CPU
		{1996B511-C612-4BA3-84E4-6AB8153CAA13}.Release|Any CPU.Build.0 = Release|Any CPU
		{512FA73D-7FAE-4F80-8E55-D880780BED59}.Debug|Any CPU.ActiveCfg = Debug|Any CPU
		{512FA73D-7FAE-4F80-8E55-D880780BED59}.Debug|Any CPU.Build.0 = Debug|Any CPU
		{512FA73D-7FAE-4F80-8E55-D880780BED59}.Release|Any CPU.ActiveCfg = Release|Any CPU
		{512FA73D-7FAE-4F80-8E55-D880780BED59}.Release|Any CPU.Build.0 = Release|Any CPU
		{6FEF6223-FEA1-4B92-93E6-9FC5B46139B4}.Debug|Any CPU.ActiveCfg = Debug|Any CPU
		{6FEF6223-FEA1-4B92-93E6-9FC5B46139B4}.Debug|Any CPU.Build.0 = Debug|Any CPU
		{6FEF6223-FEA1-4B92-93E6-9FC5B46139B4}.Release|Any CPU.ActiveCfg = Release|Any CPU
		{6FEF6223-FEA1-4B92-93E6-9FC5B46139B4}.Release|Any CPU.Build.0 = Release|Any CPU
	EndGlobalSection
	GlobalSection(SolutionProperties) = preSolution
		HideSolutionNode = FALSE
	EndGlobalSection
	GlobalSection(ExtensibilityGlobals) = postSolution
		SolutionGuid = {3D664D8F-68D1-4353-A120-43AB1B37C0CD}
	EndGlobalSection
EndGlobal
