
Microsoft Visual Studio Solution File, Format Version 12.00
# Visual Studio Version 16
VisualStudioVersion = 16.0.31515.178
MinimumVisualStudioVersion = 10.0.40219.1
Project("{FAE04EC0-301F-11D3-BF4B-00C04F79EFBC}") = "NLogWebSample", "NLogWebSample\NLogWebSample.csproj", "{1947A06A-B7AB-47D4-BE67-AAEDB8575B70}"
EndProject
Global
	GlobalSection(SolutionConfigurationPlatforms) = preSolution
		Debug|Any CPU = Debug|Any CPU
		Release|Any CPU = Release|Any CPU
	EndGlobalSection
	GlobalSection(ProjectConfigurationPlatforms) = postSolution
		{1947A06A-B7AB-47D4-BE67-AAEDB8575B70}.Debug|Any CPU.ActiveCfg = Debug|Any CPU
		{1947A06A-B7AB-47D4-BE67-AAEDB8575B70}.Debug|Any CPU.Build.0 = Debug|Any CPU
		{1947A06A-B7AB-47D4-BE67-AAEDB8575B70}.Release|Any CPU.ActiveCfg = Release|Any CPU
		{1947A06A-B7AB-47D4-BE67-AAEDB8575B70}.Release|Any CPU.Build.0 = Release|Any CPU
	EndGlobalSection
	GlobalSection(SolutionProperties) = preSolution
		HideSolutionNode = FALSE
	EndGlobalSection
	GlobalSection(ExtensibilityGlobals) = postSolution
		SolutionGuid = {FE3C2F66-22F5-4FFD-B8DF-FFE8EF7FB809}
	EndGlobalSection
EndGlobal
